{
  "name": "qpixel",
  "lockfileVersion": 2,
  "requires": true,
  "packages": {
    "": {
      "name": "qpixel",
      "devDependencies": {
        "@types/jquery": "3.5.32",
        "@types/select2": "4.0.63",
        "typescript": "5.6.3"
      }
    },
    "node_modules/@types/jquery": {
      "version": "3.5.32",
      "resolved": "https://registry.npmjs.org/@types/jquery/-/jquery-3.5.32.tgz",
      "integrity": "sha512-b9Xbf4CkMqS02YH8zACqN1xzdxc3cO735Qe5AbSUFmyOiaWAbcpqh9Wna+Uk0vgACvoQHpWDg2rGdHkYPLmCiQ==",
      "dev": true,
      "dependencies": {
        "@types/sizzle": "*"
      }
    },
    "node_modules/@types/select2": {
      "version": "4.0.63",
      "resolved": "https://registry.npmjs.org/@types/select2/-/select2-4.0.63.tgz",
      "integrity": "sha512-/DXUfPSj3iVTGlRYRYPCFKKSogAGP/j+Z0fIMXbBiBtmmZj0WH7vnfNuckafq9C43KnqPPQW2TI/Rj/vTSGnQQ==",
      "dev": true,
      "dependencies": {
        "@types/jquery": "*"
      }
    },
    "node_modules/@types/sizzle": {
      "version": "2.3.9",
      "resolved": "https://registry.npmjs.org/@types/sizzle/-/sizzle-2.3.9.tgz",
      "integrity": "sha512-xzLEyKB50yqCUPUJkIsrVvoWNfFUbIZI+RspLWt8u+tIW/BetMBZtgV2LY/2o+tYH8dRvQ+eoPf3NdhQCcLE2w==",
      "dev": true
    },
    "node_modules/typescript": {
      "version": "5.6.3",
      "resolved": "https://registry.npmjs.org/typescript/-/typescript-5.6.3.tgz",
      "integrity": "sha512-hjcS1mhfuyi4WW8IWtjP7brDrG2cuDZukyrYrSauoXGNgx0S7zceP07adYkJycEr56BOUTNPzbInooiN3fn1qw==",
      "dev": true,
      "bin": {
        "tsc": "bin/tsc",
        "tsserver": "bin/tsserver"
      },
      "engines": {
        "node": ">=14.17"
      }
    }
  },
  "dependencies": {
    "@types/jquery": {
      "version": "3.5.32",
      "resolved": "https://registry.npmjs.org/@types/jquery/-/jquery-3.5.32.tgz",
      "integrity": "sha512-b9Xbf4CkMqS02YH8zACqN1xzdxc3cO735Qe5AbSUFmyOiaWAbcpqh9Wna+Uk0vgACvoQHpWDg2rGdHkYPLmCiQ==",
      "dev": true,
      "requires": {
        "@types/sizzle": "*"
      }
    },
    "@types/select2": {
      "version": "4.0.63",
      "resolved": "https://registry.npmjs.org/@types/select2/-/select2-4.0.63.tgz",
      "integrity": "sha512-/DXUfPSj3iVTGlRYRYPCFKKSogAGP/j+Z0fIMXbBiBtmmZj0WH7vnfNuckafq9C43KnqPPQW2TI/Rj/vTSGnQQ==",
      "dev": true,
      "requires": {
        "@types/jquery": "*"
      }
    },
    "@types/sizzle": {
      "version": "2.3.9",
      "resolved": "https://registry.npmjs.org/@types/sizzle/-/sizzle-2.3.9.tgz",
      "integrity": "sha512-xzLEyKB50yqCUPUJkIsrVvoWNfFUbIZI+RspLWt8u+tIW/BetMBZtgV2LY/2o+tYH8dRvQ+eoPf3NdhQCcLE2w==",
      "dev": true
    },
    "typescript": {
      "version": "5.6.3",
      "resolved": "https://registry.npmjs.org/typescript/-/typescript-5.6.3.tgz",
      "integrity": "sha512-hjcS1mhfuyi4WW8IWtjP7brDrG2cuDZukyrYrSauoXGNgx0S7zceP07adYkJycEr56BOUTNPzbInooiN3fn1qw==",
      "dev": true
    }
  }
}
